// !$*UTF8*$!
{
	archiveVersion = 1;
	classes = {
	};
	objectVersion = 51;
	objects = {

/* Begin PBXBuildFile section */
		840B952E23ED619100F88692 /* AppDelegate.swift in Sources */ = {isa = PBXBuildFile; fileRef = 840B952D23ED619100F88692 /* AppDelegate.swift */; };
		840B953023ED619100F88692 /* SceneDelegate.swift in Sources */ = {isa = PBXBuildFile; fileRef = 840B952F23ED619100F88692 /* SceneDelegate.swift */; };
		840B953223ED619100F88692 /* ViewController.swift in Sources */ = {isa = PBXBuildFile; fileRef = 840B953123ED619100F88692 /* ViewController.swift */; };
		840B953523ED619100F88692 /* Main.storyboard in Resources */ = {isa = PBXBuildFile; fileRef = 840B953323ED619100F88692 /* Main.storyboard */; };
		840B953723ED619600F88692 /* Assets.xcassets in Resources */ = {isa = PBXBuildFile; fileRef = 840B953623ED619600F88692 /* Assets.xcassets */; };
		840B953A23ED619600F88692 /* LaunchScreen.storyboard in Resources */ = {isa = PBXBuildFile; fileRef = 840B953823ED619600F88692 /* LaunchScreen.storyboard */; };
		840B954823ED79A900F88692 /* NewPostViewController.swift in Sources */ = {isa = PBXBuildFile; fileRef = 840B954723ED79A900F88692 /* NewPostViewController.swift */; };
		840B954A23F1E5B500F88692 /* PostsTableViewController.swift in Sources */ = {isa = PBXBuildFile; fileRef = 840B954923F1E5B500F88692 /* PostsTableViewController.swift */; };
		840B954E23F1E8F300F88692 /* PostViewCell.swift in Sources */ = {isa = PBXBuildFile; fileRef = 840B954D23F1E8F300F88692 /* PostViewCell.swift */; };
		840B955123F1EA1600F88692 /* Post.swift in Sources */ = {isa = PBXBuildFile; fileRef = 840B955023F1EA1600F88692 /* Post.swift */; };
		840B955523F1EF3D00F88692 /* Model.swift in Sources */ = {isa = PBXBuildFile; fileRef = 840B955423F1EF3D00F88692 /* Model.swift */; };
		840B955723F3252900F88692 /* ProfileShowViewController.swift in Sources */ = {isa = PBXBuildFile; fileRef = 840B955623F3252900F88692 /* ProfileShowViewController.swift */; };
		840B955923F325A200F88692 /* Profile.swift in Sources */ = {isa = PBXBuildFile; fileRef = 840B955823F325A200F88692 /* Profile.swift */; };
		8470A1052402F04900AA7E33 /* ModelSql.swift in Sources */ = {isa = PBXBuildFile; fileRef = 8470A1042402F04800AA7E33 /* ModelSql.swift */; };
		8470A1082402F1DE00AA7E33 /* libsqlite3.0.tbd in Frameworks */ = {isa = PBXBuildFile; fileRef = 8470A1072402F1CF00AA7E33 /* libsqlite3.0.tbd */; };
		847148A62449B0460088B29E /* ProfileTableViewCell.swift in Sources */ = {isa = PBXBuildFile; fileRef = 847148A52449B0460088B29E /* ProfileTableViewCell.swift */; };
		847148A8244B84290088B29E /* LoginViewController.swift in Sources */ = {isa = PBXBuildFile; fileRef = 847148A7244B84290088B29E /* LoginViewController.swift */; };
		847148AA244B85520088B29E /* RegisterViewController.swift in Sources */ = {isa = PBXBuildFile; fileRef = 847148A9244B85520088B29E /* RegisterViewController.swift */; };
		847148AC244B86200088B29E /* UserAuthenticationBase.swift in Sources */ = {isa = PBXBuildFile; fileRef = 847148AB244B86200088B29E /* UserAuthenticationBase.swift */; };
		848722D3244484F800CF720D /* FirebaseStorage.swift in Sources */ = {isa = PBXBuildFile; fileRef = 848722D2244484F800CF720D /* FirebaseStorage.swift */; };
		848722D52448AEA700CF720D /* Like.swift in Sources */ = {isa = PBXBuildFile; fileRef = 848722D42448AEA700CF720D /* Like.swift */; };
		84CC3867243A39F700CF55C1 /* ModelFirebase.swift in Sources */ = {isa = PBXBuildFile; fileRef = 84CC3866243A39F700CF55C1 /* ModelFirebase.swift */; };
		84CC3869243A3A0200CF55C1 /* EventNotificationsBase.swift in Sources */ = {isa = PBXBuildFile; fileRef = 84CC3868243A3A0200CF55C1 /* EventNotificationsBase.swift */; };
		84CC386B243A3C4800CF55C1 /* GoogleService-Info.plist in Resources */ = {isa = PBXBuildFile; fileRef = 84CC386A243A3C4800CF55C1 /* GoogleService-Info.plist */; };
		D4D67F39D73E22DB8F39ED0E /* Pods_What_sYourLook_.framework in Frameworks */ = {isa = PBXBuildFile; fileRef = 09D0F8743FCA4699A9BBB4B0 /* Pods_What_sYourLook_.framework */; };
/* End PBXBuildFile section */

/* Begin PBXFileReference section */
		09D0F8743FCA4699A9BBB4B0 /* Pods_What_sYourLook_.framework */ = {isa = PBXFileReference; explicitFileType = wrapper.framework; includeInIndex = 0; path = Pods_What_sYourLook_.framework; sourceTree = BUILT_PRODUCTS_DIR; };
		260A18583D74847EFCF40421 /* Pods-What'sYourLook?.release.xcconfig */ = {isa = PBXFileReference; includeInIndex = 1; lastKnownFileType = text.xcconfig; name = "Pods-What'sYourLook?.release.xcconfig"; path = "Target Support Files/Pods-What'sYourLook?/Pods-What'sYourLook?.release.xcconfig"; sourceTree = "<group>"; };
		80C23B94D176D2DC91758E9C /* Pods-What'sYourLook?.debug.xcconfig */ = {isa = PBXFileReference; includeInIndex = 1; lastKnownFileType = text.xcconfig; name = "Pods-What'sYourLook?.debug.xcconfig"; path = "Target Support Files/Pods-What'sYourLook?/Pods-What'sYourLook?.debug.xcconfig"; sourceTree = "<group>"; };
		840B952A23ED619100F88692 /* What'sYourLook?.app */ = {isa = PBXFileReference; explicitFileType = wrapper.application; includeInIndex = 0; path = "What'sYourLook?.app"; sourceTree = BUILT_PRODUCTS_DIR; };
		840B952D23ED619100F88692 /* AppDelegate.swift */ = {isa = PBXFileReference; lastKnownFileType = sourcecode.swift; path = AppDelegate.swift; sourceTree = "<group>"; };
		840B952F23ED619100F88692 /* SceneDelegate.swift */ = {isa = PBXFileReference; lastKnownFileType = sourcecode.swift; path = SceneDelegate.swift; sourceTree = "<group>"; };
		840B953123ED619100F88692 /* ViewController.swift */ = {isa = PBXFileReference; lastKnownFileType = sourcecode.swift; path = ViewController.swift; sourceTree = "<group>"; };
		840B953423ED619100F88692 /* Base */ = {isa = PBXFileReference; lastKnownFileType = file.storyboard; name = Base; path = Base.lproj/Main.storyboard; sourceTree = "<group>"; };
		840B953623ED619600F88692 /* Assets.xcassets */ = {isa = PBXFileReference; lastKnownFileType = folder.assetcatalog; path = Assets.xcassets; sourceTree = "<group>"; };
		840B953923ED619600F88692 /* Base */ = {isa = PBXFileReference; lastKnownFileType = file.storyboard; name = Base; path = Base.lproj/LaunchScreen.storyboard; sourceTree = "<group>"; };
		840B953B23ED619600F88692 /* Info.plist */ = {isa = PBXFileReference; lastKnownFileType = text.plist.xml; path = Info.plist; sourceTree = "<group>"; };
		840B954723ED79A900F88692 /* NewPostViewController.swift */ = {isa = PBXFileReference; lastKnownFileType = sourcecode.swift; path = NewPostViewController.swift; sourceTree = "<group>"; };
		840B954923F1E5B500F88692 /* PostsTableViewController.swift */ = {isa = PBXFileReference; lastKnownFileType = sourcecode.swift; path = PostsTableViewController.swift; sourceTree = "<group>"; };
		840B954D23F1E8F300F88692 /* PostViewCell.swift */ = {isa = PBXFileReference; lastKnownFileType = sourcecode.swift; path = PostViewCell.swift; sourceTree = "<group>"; };
		840B955023F1EA1600F88692 /* Post.swift */ = {isa = PBXFileReference; lastKnownFileType = sourcecode.swift; path = Post.swift; sourceTree = "<group>"; };
		840B955423F1EF3D00F88692 /* Model.swift */ = {isa = PBXFileReference; lastKnownFileType = sourcecode.swift; path = Model.swift; sourceTree = "<group>"; };
		840B955623F3252900F88692 /* ProfileShowViewController.swift */ = {isa = PBXFileReference; lastKnownFileType = sourcecode.swift; path = ProfileShowViewController.swift; sourceTree = "<group>"; };
		840B955823F325A200F88692 /* Profile.swift */ = {isa = PBXFileReference; lastKnownFileType = sourcecode.swift; path = Profile.swift; sourceTree = "<group>"; };
		8470A1042402F04800AA7E33 /* ModelSql.swift */ = {isa = PBXFileReference; lastKnownFileType = sourcecode.swift; path = ModelSql.swift; sourceTree = "<group>"; };
		8470A1072402F1CF00AA7E33 /* libsqlite3.0.tbd */ = {isa = PBXFileReference; lastKnownFileType = "sourcecode.text-based-dylib-definition"; name = libsqlite3.0.tbd; path = usr/lib/libsqlite3.0.tbd; sourceTree = SDKROOT; };
		8470A1092402F29000AA7E33 /* What'sYourLook?-Bridging-Header.h */ = {isa = PBXFileReference; lastKnownFileType = sourcecode.c.h; path = "What'sYourLook?-Bridging-Header.h"; sourceTree = "<group>"; };
		847148A52449B0460088B29E /* ProfileTableViewCell.swift */ = {isa = PBXFileReference; lastKnownFileType = sourcecode.swift; path = ProfileTableViewCell.swift; sourceTree = "<group>"; };
		847148A7244B84290088B29E /* LoginViewController.swift */ = {isa = PBXFileReference; lastKnownFileType = sourcecode.swift; path = LoginViewController.swift; sourceTree = "<group>"; };
		847148A9244B85520088B29E /* RegisterViewController.swift */ = {isa = PBXFileReference; lastKnownFileType = sourcecode.swift; path = RegisterViewController.swift; sourceTree = "<group>"; };
		847148AB244B86200088B29E /* UserAuthenticationBase.swift */ = {isa = PBXFileReference; lastKnownFileType = sourcecode.swift; path = UserAuthenticationBase.swift; sourceTree = "<group>"; };
		848722D2244484F800CF720D /* FirebaseStorage.swift */ = {isa = PBXFileReference; lastKnownFileType = sourcecode.swift; path = FirebaseStorage.swift; sourceTree = "<group>"; };
		848722D42448AEA700CF720D /* Like.swift */ = {isa = PBXFileReference; lastKnownFileType = sourcecode.swift; path = Like.swift; sourceTree = "<group>"; };
		84CC3866243A39F700CF55C1 /* ModelFirebase.swift */ = {isa = PBXFileReference; fileEncoding = 4; lastKnownFileType = sourcecode.swift; path = ModelFirebase.swift; sourceTree = "<group>"; };
		84CC3868243A3A0200CF55C1 /* EventNotificationsBase.swift */ = {isa = PBXFileReference; fileEncoding = 4; lastKnownFileType = sourcecode.swift; path = EventNotificationsBase.swift; sourceTree = "<group>"; };
		84CC386A243A3C4800CF55C1 /* GoogleService-Info.plist */ = {isa = PBXFileReference; fileEncoding = 4; lastKnownFileType = text.plist.xml; path = "GoogleService-Info.plist"; sourceTree = "<group>"; };
/* End PBXFileReference section */

/* Begin PBXFrameworksBuildPhase section */
		840B952723ED619100F88692 /* Frameworks */ = {
			isa = PBXFrameworksBuildPhase;
			buildActionMask = 2147483647;
			files = (
				8470A1082402F1DE00AA7E33 /* libsqlite3.0.tbd in Frameworks */,
				D4D67F39D73E22DB8F39ED0E /* Pods_What_sYourLook_.framework in Frameworks */,
			);
			runOnlyForDeploymentPostprocessing = 0;
		};
/* End PBXFrameworksBuildPhase section */

/* Begin PBXGroup section */
		73051978F8B97D24DDC7F6A7 /* Pods */ = {
			isa = PBXGroup;
			children = (
				80C23B94D176D2DC91758E9C /* Pods-What'sYourLook?.debug.xcconfig */,
				260A18583D74847EFCF40421 /* Pods-What'sYourLook?.release.xcconfig */,
			);
			path = Pods;
			sourceTree = "<group>";
		};
		840B952123ED619100F88692 = {
			isa = PBXGroup;
			children = (
				840B952C23ED619100F88692 /* Plantly */,
				840B952B23ED619100F88692 /* Products */,
				8470A1062402F1CF00AA7E33 /* Frameworks */,
				73051978F8B97D24DDC7F6A7 /* Pods */,
			);
			sourceTree = "<group>";
		};
		840B952B23ED619100F88692 /* Products */ = {
			isa = PBXGroup;
			children = (
				840B952A23ED619100F88692 /* What'sYourLook?.app */,
			);
			name = Products;
			sourceTree = "<group>";
		};
		840B952C23ED619100F88692 /* Plantly */ = {
			isa = PBXGroup;
			children = (
				84CC386A243A3C4800CF55C1 /* GoogleService-Info.plist */,
				840B954F23F1E9FD00F88692 /* Model */,
				840B952D23ED619100F88692 /* AppDelegate.swift */,
				840B952F23ED619100F88692 /* SceneDelegate.swift */,
				840B953123ED619100F88692 /* ViewController.swift */,
				840B953323ED619100F88692 /* Main.storyboard */,
				840B953623ED619600F88692 /* Assets.xcassets */,
				840B953823ED619600F88692 /* LaunchScreen.storyboard */,
				840B953B23ED619600F88692 /* Info.plist */,
				840B954723ED79A900F88692 /* NewPostViewController.swift */,
				840B954923F1E5B500F88692 /* PostsTableViewController.swift */,
				840B954D23F1E8F300F88692 /* PostViewCell.swift */,
				840B955623F3252900F88692 /* ProfileShowViewController.swift */,
				8470A1092402F29000AA7E33 /* What'sYourLook?-Bridging-Header.h */,
				847148A52449B0460088B29E /* ProfileTableViewCell.swift */,
				847148A7244B84290088B29E /* LoginViewController.swift */,
				847148A9244B85520088B29E /* RegisterViewController.swift */,
			);
			path = Plantly;
			sourceTree = "<group>";
		};
		840B954F23F1E9FD00F88692 /* Model */ = {
			isa = PBXGroup;
			children = (
				84CC3868243A3A0200CF55C1 /* EventNotificationsBase.swift */,
				84CC3866243A39F700CF55C1 /* ModelFirebase.swift */,
				840B955023F1EA1600F88692 /* Post.swift */,
				840B955423F1EF3D00F88692 /* Model.swift */,
				840B955823F325A200F88692 /* Profile.swift */,
				8470A1042402F04800AA7E33 /* ModelSql.swift */,
				848722D2244484F800CF720D /* FirebaseStorage.swift */,
				848722D42448AEA700CF720D /* Like.swift */,
				847148AB244B86200088B29E /* UserAuthenticationBase.swift */,
			);
			path = Model;
			sourceTree = "<group>";
		};
		8470A1062402F1CF00AA7E33 /* Frameworks */ = {
			isa = PBXGroup;
			children = (
				8470A1072402F1CF00AA7E33 /* libsqlite3.0.tbd */,
				09D0F8743FCA4699A9BBB4B0 /* Pods_What_sYourLook_.framework */,
			);
			name = Frameworks;
			sourceTree = "<group>";
		};
/* End PBXGroup section */

/* Begin PBXNativeTarget section */
		840B952923ED619100F88692 /* What'sYourLook? */ = {
			isa = PBXNativeTarget;
			buildConfigurationList = 840B953E23ED619600F88692 /* Build configuration list for PBXNativeTarget "What'sYourLook?" */;
			buildPhases = (
				C9D817D8B06F552D7F61C3CA /* [CP] Check Pods Manifest.lock */,
				840B952623ED619100F88692 /* Sources */,
				840B952723ED619100F88692 /* Frameworks */,
				840B952823ED619100F88692 /* Resources */,
				773F309F4CBFE9E667C9858A /* [CP] Embed Pods Frameworks */,
			);
			buildRules = (
			);
			dependencies = (
			);
			name = "What'sYourLook?";
			productName = Plantly;
			productReference = 840B952A23ED619100F88692 /* What'sYourLook?.app */;
			productType = "com.apple.product-type.application";
		};
/* End PBXNativeTarget section */

/* Begin PBXProject section */
		840B952223ED619100F88692 /* Project object */ = {
			isa = PBXProject;
			attributes = {
				LastSwiftUpdateCheck = 1120;
				LastUpgradeCheck = 1120;
				ORGANIZATIONNAME = Plants;
				TargetAttributes = {
					840B952923ED619100F88692 = {
						CreatedOnToolsVersion = 11.2;
						LastSwiftMigration = 1120;
					};
				};
			};
			buildConfigurationList = 840B952523ED619100F88692 /* Build configuration list for PBXProject "What'sYourLook?" */;
			compatibilityVersion = "Xcode 9.3";
			developmentRegion = en;
			hasScannedForEncodings = 0;
			knownRegions = (
				en,
				Base,
			);
			mainGroup = 840B952123ED619100F88692;
			productRefGroup = 840B952B23ED619100F88692 /* Products */;
			projectDirPath = "";
			projectRoot = "";
			targets = (
				840B952923ED619100F88692 /* What'sYourLook? */,
			);
		};
/* End PBXProject section */

/* Begin PBXResourcesBuildPhase section */
		840B952823ED619100F88692 /* Resources */ = {
			isa = PBXResourcesBuildPhase;
			buildActionMask = 2147483647;
			files = (
				840B953A23ED619600F88692 /* LaunchScreen.storyboard in Resources */,
				84CC386B243A3C4800CF55C1 /* GoogleService-Info.plist in Resources */,
				840B953723ED619600F88692 /* Assets.xcassets in Resources */,
				840B953523ED619100F88692 /* Main.storyboard in Resources */,
			);
			runOnlyForDeploymentPostprocessing = 0;
		};
/* End PBXResourcesBuildPhase section */

/* Begin PBXShellScriptBuildPhase section */
		773F309F4CBFE9E667C9858A /* [CP] Embed Pods Frameworks */ = {
			isa = PBXShellScriptBuildPhase;
			buildActionMask = 2147483647;
			files = (
			);
			inputFileListPaths = (
				"${PODS_ROOT}/Target Support Files/Pods-What'sYourLook?/Pods-What'sYourLook?-frameworks-${CONFIGURATION}-input-files.xcfilelist",
			);
			name = "[CP] Embed Pods Frameworks";
			outputFileListPaths = (
				"${PODS_ROOT}/Target Support Files/Pods-What'sYourLook?/Pods-What'sYourLook?-frameworks-${CONFIGURATION}-output-files.xcfilelist",
			);
			runOnlyForDeploymentPostprocessing = 0;
			shellPath = /bin/sh;
			shellScript = "\"${PODS_ROOT}/Target Support Files/Pods-What'sYourLook?/Pods-What'sYourLook?-frameworks.sh\"\n";
			showEnvVarsInLog = 0;
		};
		C9D817D8B06F552D7F61C3CA /* [CP] Check Pods Manifest.lock */ = {
			isa = PBXShellScriptBuildPhase;
			buildActionMask = 2147483647;
			files = (
			);
			inputFileListPaths = (
			);
			inputPaths = (
				"${PODS_PODFILE_DIR_PATH}/Podfile.lock",
				"${PODS_ROOT}/Manifest.lock",
			);
			name = "[CP] Check Pods Manifest.lock";
			outputFileListPaths = (
			);
			outputPaths = (
				"$(DERIVED_FILE_DIR)/Pods-What'sYourLook?-checkManifestLockResult.txt",
			);
			runOnlyForDeploymentPostprocessing = 0;
			shellPath = /bin/sh;
			shellScript = "diff \"${PODS_PODFILE_DIR_PATH}/Podfile.lock\" \"${PODS_ROOT}/Manifest.lock\" > /dev/null\nif [ $? != 0 ] ; then\n    # print error to STDERR\n    echo \"error: The sandbox is not in sync with the Podfile.lock. Run 'pod install' or update your CocoaPods installation.\" >&2\n    exit 1\nfi\n# This output is used by Xcode 'outputs' to avoid re-running this script phase.\necho \"SUCCESS\" > \"${SCRIPT_OUTPUT_FILE_0}\"\n";
			showEnvVarsInLog = 0;
		};
/* End PBXShellScriptBuildPhase section */

/* Begin PBXSourcesBuildPhase section */
		840B952623ED619100F88692 /* Sources */ = {
			isa = PBXSourcesBuildPhase;
			buildActionMask = 2147483647;
			files = (
				847148A8244B84290088B29E /* LoginViewController.swift in Sources */,
				840B953223ED619100F88692 /* ViewController.swift in Sources */,
				840B955923F325A200F88692 /* Profile.swift in Sources */,
				840B952E23ED619100F88692 /* AppDelegate.swift in Sources */,
				847148AA244B85520088B29E /* RegisterViewController.swift in Sources */,
				8470A1052402F04900AA7E33 /* ModelSql.swift in Sources */,
				840B955523F1EF3D00F88692 /* Model.swift in Sources */,
				840B955723F3252900F88692 /* ProfileShowViewController.swift in Sources */,
				848722D3244484F800CF720D /* FirebaseStorage.swift in Sources */,
				847148AC244B86200088B29E /* UserAuthenticationBase.swift in Sources */,
				840B954823ED79A900F88692 /* NewPostViewController.swift in Sources */,
				84CC3867243A39F700CF55C1 /* ModelFirebase.swift in Sources */,
				848722D52448AEA700CF720D /* Like.swift in Sources */,
				847148A62449B0460088B29E /* ProfileTableViewCell.swift in Sources */,
				840B953023ED619100F88692 /* SceneDelegate.swift in Sources */,
				84CC3869243A3A0200CF55C1 /* EventNotificationsBase.swift in Sources */,
				840B955123F1EA1600F88692 /* Post.swift in Sources */,
				840B954E23F1E8F300F88692 /* PostViewCell.swift in Sources */,
				840B954A23F1E5B500F88692 /* PostsTableViewController.swift in Sources */,
			);
			runOnlyForDeploymentPostprocessing = 0;
		};
/* End PBXSourcesBuildPhase section */

/* Begin PBXVariantGroup section */
		840B953323ED619100F88692 /* Main.storyboard */ = {
			isa = PBXVariantGroup;
			children = (
				840B953423ED619100F88692 /* Base */,
			);
			name = Main.storyboard;
			sourceTree = "<group>";
		};
		840B953823ED619600F88692 /* LaunchScreen.storyboard */ = {
			isa = PBXVariantGroup;
			children = (
				840B953923ED619600F88692 /* Base */,
			);
			name = LaunchScreen.storyboard;
			sourceTree = "<group>";
		};
/* End PBXVariantGroup section */

/* Begin XCBuildConfiguration section */
		840B953C23ED619600F88692 /* Debug */ = {
			isa = XCBuildConfiguration;
			buildSettings = {
				ALWAYS_SEARCH_USER_PATHS = NO;
				CLANG_ANALYZER_NONNULL = YES;
				CLANG_ANALYZER_NUMBER_OBJECT_CONVERSION = YES_AGGRESSIVE;
				CLANG_CXX_LANGUAGE_STANDARD = "gnu++14";
				CLANG_CXX_LIBRARY = "libc++";
				CLANG_ENABLE_MODULES = YES;
				CLANG_ENABLE_OBJC_ARC = YES;
				CLANG_ENABLE_OBJC_WEAK = YES;
				CLANG_WARN_BLOCK_CAPTURE_AUTORELEASING = YES;
				CLANG_WARN_BOOL_CONVERSION = YES;
				CLANG_WARN_COMMA = YES;
				CLANG_WARN_CONSTANT_CONVERSION = YES;
				CLANG_WARN_DEPRECATED_OBJC_IMPLEMENTATIONS = YES;
				CLANG_WARN_DIRECT_OBJC_ISA_USAGE = YES_ERROR;
				CLANG_WARN_DOCUMENTATION_COMMENTS = YES;
				CLANG_WARN_EMPTY_BODY = YES;
				CLANG_WARN_ENUM_CONVERSION = YES;
				CLANG_WARN_INFINITE_RECURSION = YES;
				CLANG_WARN_INT_CONVERSION = YES;
				CLANG_WARN_NON_LITERAL_NULL_CONVERSION = YES;
				CLANG_WARN_OBJC_IMPLICIT_RETAIN_SELF = YES;
				CLANG_WARN_OBJC_LITERAL_CONVERSION = YES;
				CLANG_WARN_OBJC_ROOT_CLASS = YES_ERROR;
				CLANG_WARN_RANGE_LOOP_ANALYSIS = YES;
				CLANG_WARN_STRICT_PROTOTYPES = YES;
				CLANG_WARN_SUSPICIOUS_MOVE = YES;
				CLANG_WARN_UNGUARDED_AVAILABILITY = YES_AGGRESSIVE;
				CLANG_WARN_UNREACHABLE_CODE = YES;
				CLANG_WARN__DUPLICATE_METHOD_MATCH = YES;
				COPY_PHASE_STRIP = NO;
				DEBUG_INFORMATION_FORMAT = dwarf;
				ENABLE_STRICT_OBJC_MSGSEND = YES;
				ENABLE_TESTABILITY = YES;
				GCC_C_LANGUAGE_STANDARD = gnu11;
				GCC_DYNAMIC_NO_PIC = NO;
				GCC_NO_COMMON_BLOCKS = YES;
				GCC_OPTIMIZATION_LEVEL = 0;
				GCC_PREPROCESSOR_DEFINITIONS = (
					"DEBUG=1",
					"$(inherited)",
				);
				GCC_WARN_64_TO_32_BIT_CONVERSION = YES;
				GCC_WARN_ABOUT_RETURN_TYPE = YES_ERROR;
				GCC_WARN_UNDECLARED_SELECTOR = YES;
				GCC_WARN_UNINITIALIZED_AUTOS = YES_AGGRESSIVE;
				GCC_WARN_UNUSED_FUNCTION = YES;
				GCC_WARN_UNUSED_VARIABLE = YES;
				IPHONEOS_DEPLOYMENT_TARGET = 13.2;
				MTL_ENABLE_DEBUG_INFO = INCLUDE_SOURCE;
				MTL_FAST_MATH = YES;
				ONLY_ACTIVE_ARCH = YES;
				SDKROOT = iphoneos;
				SWIFT_ACTIVE_COMPILATION_CONDITIONS = DEBUG;
				SWIFT_OPTIMIZATION_LEVEL = "-Onone";
			};
			name = Debug;
		};
		840B953D23ED619600F88692 /* Release */ = {
			isa = XCBuildConfiguration;
			buildSettings = {
				ALWAYS_SEARCH_USER_PATHS = NO;
				CLANG_ANALYZER_NONNULL = YES;
				CLANG_ANALYZER_NUMBER_OBJECT_CONVERSION = YES_AGGRESSIVE;
				CLANG_CXX_LANGUAGE_STANDARD = "gnu++14";
				CLANG_CXX_LIBRARY = "libc++";
				CLANG_ENABLE_MODULES = YES;
				CLANG_ENABLE_OBJC_ARC = YES;
				CLANG_ENABLE_OBJC_WEAK = YES;
				CLANG_WARN_BLOCK_CAPTURE_AUTORELEASING = YES;
				CLANG_WARN_BOOL_CONVERSION = YES;
				CLANG_WARN_COMMA = YES;
				CLANG_WARN_CONSTANT_CONVERSION = YES;
				CLANG_WARN_DEPRECATED_OBJC_IMPLEMENTATIONS = YES;
				CLANG_WARN_DIRECT_OBJC_ISA_USAGE = YES_ERROR;
				CLANG_WARN_DOCUMENTATION_COMMENTS = YES;
				CLANG_WARN_EMPTY_BODY = YES;
				CLANG_WARN_ENUM_CONVERSION = YES;
				CLANG_WARN_INFINITE_RECURSION = YES;
				CLANG_WARN_INT_CONVERSION = YES;
				CLANG_WARN_NON_LITERAL_NULL_CONVERSION = YES;
				CLANG_WARN_OBJC_IMPLICIT_RETAIN_SELF = YES;
				CLANG_WARN_OBJC_LITERAL_CONVERSION = YES;
				CLANG_WARN_OBJC_ROOT_CLASS = YES_ERROR;
				CLANG_WARN_RANGE_LOOP_ANALYSIS = YES;
				CLANG_WARN_STRICT_PROTOTYPES = YES;
				CLANG_WARN_SUSPICIOUS_MOVE = YES;
				CLANG_WARN_UNGUARDED_AVAILABILITY = YES_AGGRESSIVE;
				CLANG_WARN_UNREACHABLE_CODE = YES;
				CLANG_WARN__DUPLICATE_METHOD_MATCH = YES;
				COPY_PHASE_STRIP = NO;
				DEBUG_INFORMATION_FORMAT = "dwarf-with-dsym";
				ENABLE_NS_ASSERTIONS = NO;
				ENABLE_STRICT_OBJC_MSGSEND = YES;
				GCC_C_LANGUAGE_STANDARD = gnu11;
				GCC_NO_COMMON_BLOCKS = YES;
				GCC_WARN_64_TO_32_BIT_CONVERSION = YES;
				GCC_WARN_ABOUT_RETURN_TYPE = YES_ERROR;
				GCC_WARN_UNDECLARED_SELECTOR = YES;
				GCC_WARN_UNINITIALIZED_AUTOS = YES_AGGRESSIVE;
				GCC_WARN_UNUSED_FUNCTION = YES;
				GCC_WARN_UNUSED_VARIABLE = YES;
				IPHONEOS_DEPLOYMENT_TARGET = 13.2;
				MTL_ENABLE_DEBUG_INFO = NO;
				MTL_FAST_MATH = YES;
				SDKROOT = iphoneos;
				SWIFT_COMPILATION_MODE = wholemodule;
				SWIFT_OPTIMIZATION_LEVEL = "-O";
				VALIDATE_PRODUCT = YES;
			};
			name = Release;
		};
		840B953F23ED619600F88692 /* Debug */ = {
			isa = XCBuildConfiguration;
			baseConfigurationReference = 80C23B94D176D2DC91758E9C /* Pods-What'sYourLook?.debug.xcconfig */;
			buildSettings = {
				ASSETCATALOG_COMPILER_APPICON_NAME = AppIcon;
				CLANG_ENABLE_MODULES = YES;
				CODE_SIGN_STYLE = Automatic;
				INFOPLIST_FILE = Plantly/Info.plist;
				LD_RUNPATH_SEARCH_PATHS = (
					"$(inherited)",
					"@executable_path/Frameworks",
				);
				PRODUCT_BUNDLE_IDENTIFIER = Look.look;
				PRODUCT_NAME = "What'sYourLook?";
				SWIFT_OBJC_BRIDGING_HEADER = "Plantly/What'sYourLook?-Bridging-Header.h";
				SWIFT_OPTIMIZATION_LEVEL = "-Onone";
				SWIFT_VERSION = 5.0;
				TARGETED_DEVICE_FAMILY = "1,2";
			};
			name = Debug;
		};
		840B954023ED619600F88692 /* Release */ = {
			isa = XCBuildConfiguration;
			baseConfigurationReference = 260A18583D74847EFCF40421 /* Pods-What'sYourLook?.release.xcconfig */;
			buildSettings = {
				ASSETCATALOG_COMPILER_APPICON_NAME = AppIcon;
				CLANG_ENABLE_MODULES = YES;
				CODE_SIGN_STYLE = Automatic;
				INFOPLIST_FILE = Plantly/Info.plist;
				LD_RUNPATH_SEARCH_PATHS = (
					"$(inherited)",
					"@executable_path/Frameworks",
				);
				PRODUCT_BUNDLE_IDENTIFIER = Look.look;
				PRODUCT_NAME = "What'sYourLook?";
				SWIFT_OBJC_BRIDGING_HEADER = "Plantly/What'sYourLook?-Bridging-Header.h";
				SWIFT_VERSION = 5.0;
				TARGETED_DEVICE_FAMILY = "1,2";
			};
			name = Release;
		};
/* End XCBuildConfiguration section */

/* Begin XCConfigurationList section */
		840B952523ED619100F88692 /* Build configuration list for PBXProject "What'sYourLook?" */ = {
			isa = XCConfigurationList;
			buildConfigurations = (
				840B953C23ED619600F88692 /* Debug */,
				840B953D23ED619600F88692 /* Release */,
			);
			defaultConfigurationIsVisible = 0;
			defaultConfigurationName = Release;
		};
		840B953E23ED619600F88692 /* Build configuration list for PBXNativeTarget "What'sYourLook?" */ = {
			isa = XCConfigurationList;
			buildConfigurations = (
				840B953F23ED619600F88692 /* Debug */,
				840B954023ED619600F88692 /* Release */,
			);
			defaultConfigurationIsVisible = 0;
			defaultConfigurationName = Release;
		};
/* End XCConfigurationList section */
	};
	rootObject = 840B952223ED619100F88692 /* Project object */;
}
